
Microsoft Visual Studio Solution File, Format Version 12.00
# Visual Studio 2013
VisualStudioVersion = 12.0.31101.0
MinimumVisualStudioVersion = 10.0.40219.1
Project("{FAE04EC0-301F-11D3-BF4B-00C04F79EFBC}") = "Inoreader", "Inoreader\Inoreader.csproj", "{287BE39A-DBB1-4B7B-88D5-11C59062B012}"
EndProject
Project("{FAE04EC0-301F-11D3-BF4B-00C04F79EFBC}") = "Inoreader.Tests", "Inoreader.Tests\Inoreader.Tests.csproj", "{6660F2A1-BF9F-4170-AC3B-B6D04731788A}"
EndProject
Global
	GlobalSection(SolutionConfigurationPlatforms) = preSolution
		Debug|Any CPU = Debug|Any CPU
		Release|Any CPU = Release|Any CPU
	EndGlobalSection
	GlobalSection(ProjectConfigurationPlatforms) = postSolution
		{287BE39A-DBB1-4B7B-88D5-11C59062B012}.Debug|Any CPU.ActiveCfg = Debug|Any CPU
		{287BE39A-DBB1-4B7B-88D5-11C59062B012}.Debug|Any CPU.Build.0 = Debug|Any CPU
		{287BE39A-DBB1-4B7B-88D5-11C59062B012}.Release|Any CPU.ActiveCfg = Release|Any CPU
		{287BE39A-DBB1-4B7B-88D5-11C59062B012}.Release|Any CPU.Build.0 = Release|Any CPU
		{6660F2A1-BF9F-4170-AC3B-B6D04731788A}.Debug|Any CPU.ActiveCfg = Debug|Any CPU
		{6660F2A1-BF9F-4170-AC3B-B6D04731788A}.Debug|Any CPU.Build.0 = Debug|Any CPU
		{6660F2A1-BF9F-4170-AC3B-B6D04731788A}.Release|Any CPU.ActiveCfg = Release|Any CPU
		{6660F2A1-BF9F-4170-AC3B-B6D04731788A}.Release|Any CPU.Build.0 = Release|Any CPU
	EndGlobalSection
	GlobalSection(SolutionProperties) = preSolution
		HideSolutionNode = FALSE
	EndGlobalSection
EndGlobal
